
Microsoft Visual Studio Solution File, Format Version 12.00
# Visual Studio Version 16
VisualStudioVersion = 16.0.30503.244
MinimumVisualStudioVersion = 10.0.40219.1
Project("{FAE04EC0-301F-11D3-BF4B-00C04F79EFBC}") = "fl2020hw2", "fl2020hw2\fl2020hw2.csproj", "{07740EC3-E1AD-4CA3-AE14-0D3F5F84970D}"
EndProject
Global
	GlobalSection(SolutionConfigurationPlatforms) = preSolution
		Debug|Any CPU = Debug|Any CPU
		Release|Any CPU = Release|Any CPU
	EndGlobalSection
	GlobalSection(ProjectConfigurationPlatforms) = postSolution
		{07740EC3-E1AD-4CA3-AE14-0D3F5F84970D}.Debug|Any CPU.ActiveCfg = Debug|Any CPU
		{07740EC3-E1AD-4CA3-AE14-0D3F5F84970D}.Debug|Any CPU.Build.0 = Debug|Any CPU
		{07740EC3-E1AD-4CA3-AE14-0D3F5F84970D}.Release|Any CPU.ActiveCfg = Release|Any CPU
		{07740EC3-E1AD-4CA3-AE14-0D3F5F84970D}.Release|Any CPU.Build.0 = Release|Any CPU
	EndGlobalSection
	GlobalSection(SolutionProperties) = preSolution
		HideSolutionNode = FALSE
	EndGlobalSection
	GlobalSection(ExtensibilityGlobals) = postSolution
		SolutionGuid = {05C41672-9CAA-4B55-986E-25F30B6C44C2}
	EndGlobalSection
EndGlobal
